{
    "_readme": [
        "This file locks the dependencies of your project to a known state",
        "Read more about it at https://getcomposer.org/doc/01-basic-usage.md#composer-lock-the-lock-file",
        "This file is @generated automatically"
    ],
    "hash": "68161562607d1162abf654e2e427b045",
    "packages": [
        {
            "name": "erayalakese/envato-market-api",
            "version": "v1.1.1",
            "source": {
                "type": "git",
                "url": "https://github.com/erayalakese/envato-market-api.git",
                "reference": "b842f7084ae15614bce9d1bd20829b2b507821d8"
            },
            "dist": {
                "type": "zip",
                "url": "https://api.github.com/repos/erayalakese/envato-market-api/zipball/b842f7084ae15614bce9d1bd20829b2b507821d8",
                "reference": "b842f7084ae15614bce9d1bd20829b2b507821d8",
                "shasum": ""
            },
            "type": "library",
            "notification-url": "https://packagist.org/downloads/",
            "license": [
                "GPL v2"
            ],
            "authors": [
                {
                    "name": "Eray Alakese",
                    "email": "erayalakese@gmail.com"
                }
            ],
            "description": "Envato Market API to verify and download Envato purchases",
            "time": "2015-08-20 21:20:49"
        }
    ],
    "packages-dev": [],
    "aliases": [],
    "minimum-stability": "stable",
    "stability-flags": [],
    "prefer-stable": false,
    "prefer-lowest": false,
    "platform": [],
    "platform-dev": []
}
