{
    "_readme": [
        "This file locks the dependencies of your project to a known state",
        "Read more about it at https://getcomposer.org/doc/01-basic-usage.md#composer-lock-the-lock-file",
        "This file is @generated automatically"
    ],
    "hash": "94dbd0557dc967b6aac872e276a11f72",
    "packages": [
        {
            "name": "erayalakese/envato-market-api",
            "version": "v1.2.0",
            "source": {
                "type": "git",
                "url": "https://github.com/erayalakese/envato-market-api.git",
                "reference": "620a02c16d0898f4c55f2239bdf2bea23c1c9487"
            },
            "dist": {
                "type": "zip",
                "url": "https://api.github.com/repos/erayalakese/envato-market-api/zipball/620a02c16d0898f4c55f2239bdf2bea23c1c9487",
                "reference": "620a02c16d0898f4c55f2239bdf2bea23c1c9487",
                "shasum": ""
            },
            "type": "library",
            "notification-url": "https://packagist.org/downloads/",
            "license": [
                "GPL v2"
            ],
            "authors": [
                {
                    "name": "Eray Alakese",
                    "email": "erayalakese@gmail.com"
                }
            ],
            "description": "Envato Market API to verify and download Envato purchases",
            "time": "2015-08-21 00:33:21"
        }
    ],
    "packages-dev": [],
    "aliases": [],
    "minimum-stability": "stable",
    "stability-flags": [],
    "prefer-stable": false,
    "prefer-lowest": false,
    "platform": [],
    "platform-dev": []
}
